{
  "originHash" : "5fdfe48001ec9270f523296bb07696c525da68412b4311316766541057fcdc34",
  "pins" : [
    {
      "identity" : "sentry-cocoa",
      "kind" : "remoteSourceControl",
      "location" : "https://github.com/getsentry/sentry-cocoa/",
      "state" : {
        "revision" : "7238c483dca47b5419e42dec1906f6f2d5cd3630",
        "version" : "8.58.1"
      }
    }
  ],
  "version" : 3
}
