// !$*UTF8*$!
{
	archiveVersion = 1;
	classes = {
	};
	objectVersion = 77;
	objects = {

/* Begin PBXContainerItemProxy section */
		5004B4A82EF874820068C8D1 /* PBXContainerItemProxy */ = {
			isa = PBXContainerItemProxy;
			containerPortal = 5004B4922EF874800068C8D1 /* Project object */;
			proxyType = 1;
			remoteGlobalIDString = 5004B4992EF874800068C8D1;
			remoteInfo = CarQuiz;
		};
		5004B4B22EF874820068C8D1 /* PBXContainerItemProxy */ = {
			isa = PBXContainerItemProxy;
			containerPortal = 5004B4922EF874800068C8D1 /* Project object */;
			proxyType = 1;
			remoteGlobalIDString = 5004B4992EF874800068C8D1;
			remoteInfo = CarQuiz;
		};
/* End PBXContainerItemProxy section */

/* Begin PBXFileReference section */
		0BD6C2A6F312AB2D0ADA0524 /* Local.xcconfig */ = {isa = PBXFileReference; includeInIndex = 1; lastKnownFileType = text.xcconfig; name = Local.xcconfig; path = Configuration/Local.xcconfig; sourceTree = "<group>"; };
		5004B49A2EF874800068C8D1 /* CarQuiz.app */ = {isa = PBXFileReference; explicitFileType = wrapper.application; includeInIndex = 0; path = CarQuiz.app; sourceTree = BUILT_PRODUCTS_DIR; };
		5004B4A72EF874820068C8D1 /* CarQuizTests.xctest */ = {isa = PBXFileReference; explicitFileType = wrapper.cfbundle; includeInIndex = 0; path = CarQuizTests.xctest; sourceTree = BUILT_PRODUCTS_DIR; };
		5004B4B12EF874820068C8D1 /* CarQuizUITests.xctest */ = {isa = PBXFileReference; explicitFileType = wrapper.cfbundle; includeInIndex = 0; path = CarQuizUITests.xctest; sourceTree = BUILT_PRODUCTS_DIR; };
		62FB9AFFE2F29A05D528EFF0 /* Prod.xcconfig */ = {isa = PBXFileReference; includeInIndex = 1; lastKnownFileType = text.xcconfig; name = Prod.xcconfig; path = Configuration/Prod.xcconfig; sourceTree = "<group>"; };
		961941338301A9636C461FF2 /* Shared.xcconfig */ = {isa = PBXFileReference; includeInIndex = 1; lastKnownFileType = text.xcconfig; name = Shared.xcconfig; path = Configuration/Shared.xcconfig; sourceTree = "<group>"; };
		D86E1E0498FBCF4EF3A9CF7D /* Local.xcconfig */ = {isa = PBXFileReference; includeInIndex = 1; lastKnownFileType = text.xcconfig; name = Local.xcconfig; path = Configuration/Local.xcconfig; sourceTree = "<group>"; };
		DD57CDA50BD62E1CB1F989F4 /* Shared.xcconfig */ = {isa = PBXFileReference; includeInIndex = 1; lastKnownFileType = text.xcconfig; name = Shared.xcconfig; path = Configuration/Shared.xcconfig; sourceTree = "<group>"; };
		FE93404C564E3AFF11112BA6 /* Prod.xcconfig */ = {isa = PBXFileReference; includeInIndex = 1; lastKnownFileType = text.xcconfig; name = Prod.xcconfig; path = Configuration/Prod.xcconfig; sourceTree = "<group>"; };
/* End PBXFileReference section */

/* Begin PBXFileSystemSynchronizedBuildFileExceptionSet section */
		5004B4C52EF874D00068C8D1 /* Exceptions for "CarQuiz" folder in "CarQuiz" target */ = {
			isa = PBXFileSystemSynchronizedBuildFileExceptionSet;
			membershipExceptions = (
				Info.plist,
			);
			target = 5004B4992EF874800068C8D1 /* CarQuiz */;
		};
/* End PBXFileSystemSynchronizedBuildFileExceptionSet section */

/* Begin PBXFileSystemSynchronizedRootGroup section */
		5004B49C2EF874800068C8D1 /* CarQuiz */ = {
			isa = PBXFileSystemSynchronizedRootGroup;
			exceptions = (
				5004B4C52EF874D00068C8D1 /* Exceptions for "CarQuiz" folder in "CarQuiz" target */,
			);
			path = CarQuiz;
			sourceTree = "<group>";
		};
		5004B4AA2EF874820068C8D1 /* CarQuizTests */ = {
			isa = PBXFileSystemSynchronizedRootGroup;
			path = CarQuizTests;
			sourceTree = "<group>";
		};
		5004B4B42EF874820068C8D1 /* CarQuizUITests */ = {
			isa = PBXFileSystemSynchronizedRootGroup;
			path = CarQuizUITests;
			sourceTree = "<group>";
		};
/* End PBXFileSystemSynchronizedRootGroup section */

/* Begin PBXFrameworksBuildPhase section */
		5004B4972EF874800068C8D1 /* Frameworks */ = {
			isa = PBXFrameworksBuildPhase;
			buildActionMask = 2147483647;
			files = (
			);
			runOnlyForDeploymentPostprocessing = 0;
		};
		5004B4A42EF874820068C8D1 /* Frameworks */ = {
			isa = PBXFrameworksBuildPhase;
			buildActionMask = 2147483647;
			files = (
			);
			runOnlyForDeploymentPostprocessing = 0;
		};
		5004B4AE2EF874820068C8D1 /* Frameworks */ = {
			isa = PBXFrameworksBuildPhase;
			buildActionMask = 2147483647;
			files = (
			);
			runOnlyForDeploymentPostprocessing = 0;
		};
/* End PBXFrameworksBuildPhase section */

/* Begin PBXGroup section */
		5004B4912EF874800068C8D1 = {
			isa = PBXGroup;
			children = (
				5004B49C2EF874800068C8D1 /* CarQuiz */,
				5004B4AA2EF874820068C8D1 /* CarQuizTests */,
				5004B4B42EF874820068C8D1 /* CarQuizUITests */,
				5004B49B2EF874800068C8D1 /* Products */,
				D1CAA8A9A5420227398A3677 /* Configuration */,
			);
			sourceTree = "<group>";
		};
		5004B49B2EF874800068C8D1 /* Products */ = {
			isa = PBXGroup;
			children = (
				5004B49A2EF874800068C8D1 /* CarQuiz.app */,
				5004B4A72EF874820068C8D1 /* CarQuizTests.xctest */,
				5004B4B12EF874820068C8D1 /* CarQuizUITests.xctest */,
			);
			name = Products;
			sourceTree = "<group>";
		};
		D1CAA8A9A5420227398A3677 /* Configuration */ = {
			isa = PBXGroup;
			children = (
				961941338301A9636C461FF2 /* Shared.xcconfig */,
				0BD6C2A6F312AB2D0ADA0524 /* Local.xcconfig */,
				62FB9AFFE2F29A05D528EFF0 /* Prod.xcconfig */,
				DD57CDA50BD62E1CB1F989F4 /* Shared.xcconfig */,
				D86E1E0498FBCF4EF3A9CF7D /* Local.xcconfig */,
				FE93404C564E3AFF11112BA6 /* Prod.xcconfig */,
			);
			name = Configuration;
			sourceTree = SOURCE_ROOT;
		};
/* End PBXGroup section */

/* Begin PBXNativeTarget section */
		5004B4992EF874800068C8D1 /* CarQuiz */ = {
			isa = PBXNativeTarget;
			buildConfigurationList = 5004B4BB2EF874820068C8D1 /* Build configuration list for PBXNativeTarget "CarQuiz" */;
			buildPhases = (
				5004B4962EF874800068C8D1 /* Sources */,
				5004B4972EF874800068C8D1 /* Frameworks */,
				5004B4982EF874800068C8D1 /* Resources */,
			);
			buildRules = (
			);
			dependencies = (
			);
			fileSystemSynchronizedGroups = (
				5004B49C2EF874800068C8D1 /* CarQuiz */,
			);
			name = CarQuiz;
			productName = CarQuiz;
			productReference = 5004B49A2EF874800068C8D1 /* CarQuiz.app */;
			productType = "com.apple.product-type.application";
		};
		5004B4A62EF874820068C8D1 /* CarQuizTests */ = {
			isa = PBXNativeTarget;
			buildConfigurationList = 5004B4BE2EF874820068C8D1 /* Build configuration list for PBXNativeTarget "CarQuizTests" */;
			buildPhases = (
				5004B4A32EF874820068C8D1 /* Sources */,
				5004B4A42EF874820068C8D1 /* Frameworks */,
				5004B4A52EF874820068C8D1 /* Resources */,
			);
			buildRules = (
			);
			dependencies = (
				5004B4A92EF874820068C8D1 /* PBXTargetDependency */,
			);
			fileSystemSynchronizedGroups = (
				5004B4AA2EF874820068C8D1 /* CarQuizTests */,
			);
			name = CarQuizTests;
			productName = CarQuizTests;
			productReference = 5004B4A72EF874820068C8D1 /* CarQuizTests.xctest */;
			productType = "com.apple.product-type.bundle.unit-test";
		};
		5004B4B02EF874820068C8D1 /* CarQuizUITests */ = {
			isa = PBXNativeTarget;
			buildConfigurationList = 5004B4C12EF874820068C8D1 /* Build configuration list for PBXNativeTarget "CarQuizUITests" */;
			buildPhases = (
				5004B4AD2EF874820068C8D1 /* Sources */,
				5004B4AE2EF874820068C8D1 /* Frameworks */,
				5004B4AF2EF874820068C8D1 /* Resources */,
			);
			buildRules = (
			);
			dependencies = (
				5004B4B32EF874820068C8D1 /* PBXTargetDependency */,
			);
			fileSystemSynchronizedGroups = (
				5004B4B42EF874820068C8D1 /* CarQuizUITests */,
			);
			name = CarQuizUITests;
			productName = CarQuizUITests;
			productReference = 5004B4B12EF874820068C8D1 /* CarQuizUITests.xctest */;
			productType = "com.apple.product-type.bundle.ui-testing";
		};
/* End PBXNativeTarget section */

/* Begin PBXProject section */
		5004B4922EF874800068C8D1 /* Project object */ = {
			isa = PBXProject;
			attributes = {
				BuildIndependentTargetsInParallel = 1;
				LastSwiftUpdateCheck = 2620;
				LastUpgradeCheck = 2620;
				TargetAttributes = {
					5004B4992EF874800068C8D1 = {
						CreatedOnToolsVersion = 26.2;
					};
					5004B4A62EF874820068C8D1 = {
						CreatedOnToolsVersion = 26.2;
						TestTargetID = 5004B4992EF874800068C8D1;
					};
					5004B4B02EF874820068C8D1 = {
						CreatedOnToolsVersion = 26.2;
						TestTargetID = 5004B4992EF874800068C8D1;
					};
				};
			};
			buildConfigurationList = 5004B4952EF874800068C8D1 /* Build configuration list for PBXProject "CarQuiz" */;
			developmentRegion = en;
			hasScannedForEncodings = 0;
			knownRegions = (
				en,
				Base,
			);
			mainGroup = 5004B4912EF874800068C8D1;
			minimizedProjectReferenceProxies = 1;
			preferredProjectObjectVersion = 77;
			productRefGroup = 5004B49B2EF874800068C8D1 /* Products */;
			projectDirPath = "";
			projectRoot = "";
			targets = (
				5004B4992EF874800068C8D1 /* CarQuiz */,
				5004B4A62EF874820068C8D1 /* CarQuizTests */,
				5004B4B02EF874820068C8D1 /* CarQuizUITests */,
			);
		};
/* End PBXProject section */

/* Begin PBXResourcesBuildPhase section */
		5004B4982EF874800068C8D1 /* Resources */ = {
			isa = PBXResourcesBuildPhase;
			buildActionMask = 2147483647;
			files = (
			);
			runOnlyForDeploymentPostprocessing = 0;
		};
		5004B4A52EF874820068C8D1 /* Resources */ = {
			isa = PBXResourcesBuildPhase;
			buildActionMask = 2147483647;
			files = (
			);
			runOnlyForDeploymentPostprocessing = 0;
		};
		5004B4AF2EF874820068C8D1 /* Resources */ = {
			isa = PBXResourcesBuildPhase;
			buildActionMask = 2147483647;
			files = (
			);
			runOnlyForDeploymentPostprocessing = 0;
		};
/* End PBXResourcesBuildPhase section */

/* Begin PBXSourcesBuildPhase section */
		5004B4962EF874800068C8D1 /* Sources */ = {
			isa = PBXSourcesBuildPhase;
			buildActionMask = 2147483647;
			files = (
			);
			runOnlyForDeploymentPostprocessing = 0;
		};
		5004B4A32EF874820068C8D1 /* Sources */ = {
			isa = PBXSourcesBuildPhase;
			buildActionMask = 2147483647;
			files = (
			);
			runOnlyForDeploymentPostprocessing = 0;
		};
		5004B4AD2EF874820068C8D1 /* Sources */ = {
			isa = PBXSourcesBuildPhase;
			buildActionMask = 2147483647;
			files = (
			);
			runOnlyForDeploymentPostprocessing = 0;
		};
/* End PBXSourcesBuildPhase section */

/* Begin PBXTargetDependency section */
		5004B4A92EF874820068C8D1 /* PBXTargetDependency */ = {
			isa = PBXTargetDependency;
			target = 5004B4992EF874800068C8D1 /* CarQuiz */;
			targetProxy = 5004B4A82EF874820068C8D1 /* PBXContainerItemProxy */;
		};
		5004B4B32EF874820068C8D1 /* PBXTargetDependency */ = {
			isa = PBXTargetDependency;
			target = 5004B4992EF874800068C8D1 /* CarQuiz */;
			targetProxy = 5004B4B22EF874820068C8D1 /* PBXContainerItemProxy */;
		};
/* End PBXTargetDependency section */

/* Begin XCBuildConfiguration section */
		5004B4B92EF874820068C8D1 /* Debug */ = {
			isa = XCBuildConfiguration;
			buildSettings = {
				ALWAYS_SEARCH_USER_PATHS = NO;
				ASSETCATALOG_COMPILER_GENERATE_SWIFT_ASSET_SYMBOL_EXTENSIONS = YES;
				CLANG_ANALYZER_NONNULL = YES;
				CLANG_ANALYZER_NUMBER_OBJECT_CONVERSION = YES_AGGRESSIVE;
				CLANG_CXX_LANGUAGE_STANDARD = "gnu++20";
				CLANG_ENABLE_MODULES = YES;
				CLANG_ENABLE_OBJC_ARC = YES;
				CLANG_ENABLE_OBJC_WEAK = YES;
				CLANG_WARN_BLOCK_CAPTURE_AUTORELEASING = YES;
				CLANG_WARN_BOOL_CONVERSION = YES;
				CLANG_WARN_COMMA = YES;
				CLANG_WARN_CONSTANT_CONVERSION = YES;
				CLANG_WARN_DEPRECATED_OBJC_IMPLEMENTATIONS = YES;
				CLANG_WARN_DIRECT_OBJC_ISA_USAGE = YES_ERROR;
				CLANG_WARN_DOCUMENTATION_COMMENTS = YES;
				CLANG_WARN_EMPTY_BODY = YES;
				CLANG_WARN_ENUM_CONVERSION = YES;
				CLANG_WARN_INFINITE_RECURSION = YES;
				CLANG_WARN_INT_CONVERSION = YES;
				CLANG_WARN_NON_LITERAL_NULL_CONVERSION = YES;
				CLANG_WARN_OBJC_IMPLICIT_RETAIN_SELF = YES;
				CLANG_WARN_OBJC_LITERAL_CONVERSION = YES;
				CLANG_WARN_OBJC_ROOT_CLASS = YES_ERROR;
				CLANG_WARN_QUOTED_INCLUDE_IN_FRAMEWORK_HEADER = YES;
				CLANG_WARN_RANGE_LOOP_ANALYSIS = YES;
				CLANG_WARN_STRICT_PROTOTYPES = YES;
				CLANG_WARN_SUSPICIOUS_MOVE = YES;
				CLANG_WARN_UNGUARDED_AVAILABILITY = YES_AGGRESSIVE;
				CLANG_WARN_UNREACHABLE_CODE = YES;
				CLANG_WARN__DUPLICATE_METHOD_MATCH = YES;
				COPY_PHASE_STRIP = NO;
				DEBUG_INFORMATION_FORMAT = dwarf;
				ENABLE_STRICT_OBJC_MSGSEND = YES;
				ENABLE_TESTABILITY = YES;
				ENABLE_USER_SCRIPT_SANDBOXING = YES;
				GCC_C_LANGUAGE_STANDARD = gnu17;
				GCC_DYNAMIC_NO_PIC = NO;
				GCC_NO_COMMON_BLOCKS = YES;
				GCC_OPTIMIZATION_LEVEL = 0;
				GCC_PREPROCESSOR_DEFINITIONS = (
					"DEBUG=1",
					"$(inherited)",
				);
				GCC_WARN_64_TO_32_BIT_CONVERSION = YES;
				GCC_WARN_ABOUT_RETURN_TYPE = YES_ERROR;
				GCC_WARN_UNDECLARED_SELECTOR = YES;
				GCC_WARN_UNINITIALIZED_AUTOS = YES_AGGRESSIVE;
				GCC_WARN_UNUSED_FUNCTION = YES;
				GCC_WARN_UNUSED_VARIABLE = YES;
				IPHONEOS_DEPLOYMENT_TARGET = 18.0;
				LOCALIZATION_PREFERS_STRING_CATALOGS = YES;
				MTL_ENABLE_DEBUG_INFO = INCLUDE_SOURCE;
				MTL_FAST_MATH = YES;
				ONLY_ACTIVE_ARCH = YES;
				SDKROOT = iphoneos;
				SWIFT_ACTIVE_COMPILATION_CONDITIONS = "DEBUG $(inherited)";
				SWIFT_OPTIMIZATION_LEVEL = "-Onone";
			};
			name = Debug;
		};
		5004B4BA2EF874820068C8D1 /* Release */ = {
			isa = XCBuildConfiguration;
			buildSettings = {
				ALWAYS_SEARCH_USER_PATHS = NO;
				ASSETCATALOG_COMPILER_GENERATE_SWIFT_ASSET_SYMBOL_EXTENSIONS = YES;
				CLANG_ANALYZER_NONNULL = YES;
				CLANG_ANALYZER_NUMBER_OBJECT_CONVERSION = YES_AGGRESSIVE;
				CLANG_CXX_LANGUAGE_STANDARD = "gnu++20";
				CLANG_ENABLE_MODULES = YES;
				CLANG_ENABLE_OBJC_ARC = YES;
				CLANG_ENABLE_OBJC_WEAK = YES;
				CLANG_WARN_BLOCK_CAPTURE_AUTORELEASING = YES;
				CLANG_WARN_BOOL_CONVERSION = YES;
				CLANG_WARN_COMMA = YES;
				CLANG_WARN_CONSTANT_CONVERSION = YES;
				CLANG_WARN_DEPRECATED_OBJC_IMPLEMENTATIONS = YES;
				CLANG_WARN_DIRECT_OBJC_ISA_USAGE = YES_ERROR;
				CLANG_WARN_DOCUMENTATION_COMMENTS = YES;
				CLANG_WARN_EMPTY_BODY = YES;
				CLANG_WARN_ENUM_CONVERSION = YES;
				CLANG_WARN_INFINITE_RECURSION = YES;
				CLANG_WARN_INT_CONVERSION = YES;
				CLANG_WARN_NON_LITERAL_NULL_CONVERSION = YES;
				CLANG_WARN_OBJC_IMPLICIT_RETAIN_SELF = YES;
				CLANG_WARN_OBJC_LITERAL_CONVERSION = YES;
				CLANG_WARN_OBJC_ROOT_CLASS = YES_ERROR;
				CLANG_WARN_QUOTED_INCLUDE_IN_FRAMEWORK_HEADER = YES;
				CLANG_WARN_RANGE_LOOP_ANALYSIS = YES;
				CLANG_WARN_STRICT_PROTOTYPES = YES;
				CLANG_WARN_SUSPICIOUS_MOVE = YES;
				CLANG_WARN_UNGUARDED_AVAILABILITY = YES_AGGRESSIVE;
				CLANG_WARN_UNREACHABLE_CODE = YES;
				CLANG_WARN__DUPLICATE_METHOD_MATCH = YES;
				COPY_PHASE_STRIP = NO;
				DEBUG_INFORMATION_FORMAT = "dwarf-with-dsym";
				ENABLE_NS_ASSERTIONS = NO;
				ENABLE_STRICT_OBJC_MSGSEND = YES;
				ENABLE_USER_SCRIPT_SANDBOXING = YES;
				GCC_C_LANGUAGE_STANDARD = gnu17;
				GCC_NO_COMMON_BLOCKS = YES;
				GCC_WARN_64_TO_32_BIT_CONVERSION = YES;
				GCC_WARN_ABOUT_RETURN_TYPE = YES_ERROR;
				GCC_WARN_UNDECLARED_SELECTOR = YES;
				GCC_WARN_UNINITIALIZED_AUTOS = YES_AGGRESSIVE;
				GCC_WARN_UNUSED_FUNCTION = YES;
				GCC_WARN_UNUSED_VARIABLE = YES;
				IPHONEOS_DEPLOYMENT_TARGET = 18.0;
				LOCALIZATION_PREFERS_STRING_CATALOGS = YES;
				MTL_ENABLE_DEBUG_INFO = NO;
				MTL_FAST_MATH = YES;
				SDKROOT = iphoneos;
				SWIFT_COMPILATION_MODE = wholemodule;
				VALIDATE_PRODUCT = YES;
			};
			name = Release;
		};
		5004B4BC2EF874820068C8D1 /* Debug */ = {
			isa = XCBuildConfiguration;
			buildSettings = {
				ASSETCATALOG_COMPILER_APPICON_NAME = AppIcon;
				ASSETCATALOG_COMPILER_GLOBAL_ACCENT_COLOR_NAME = AccentColor;
				CODE_SIGN_STYLE = Automatic;
				CURRENT_PROJECT_VERSION = 1;
				DEVELOPMENT_TEAM = J47232U5B5;
				ENABLE_PREVIEWS = YES;
				GENERATE_INFOPLIST_FILE = YES;
				INFOPLIST_FILE = CarQuiz/Info.plist;
				INFOPLIST_KEY_NSMicrophoneUsageDescription = "We need microphone access to record your quiz answers hands-free.";
				INFOPLIST_KEY_UIApplicationSceneManifest_Generation = YES;
				INFOPLIST_KEY_UIApplicationSupportsIndirectInputEvents = YES;
				INFOPLIST_KEY_UILaunchScreen_Generation = YES;
				INFOPLIST_KEY_UISupportedInterfaceOrientations_iPad = "UIInterfaceOrientationPortrait UIInterfaceOrientationPortraitUpsideDown UIInterfaceOrientationLandscapeLeft UIInterfaceOrientationLandscapeRight";
				INFOPLIST_KEY_UISupportedInterfaceOrientations_iPhone = "UIInterfaceOrientationPortrait UIInterfaceOrientationLandscapeLeft UIInterfaceOrientationLandscapeRight";
				LD_RUNPATH_SEARCH_PATHS = (
					"$(inherited)",
					"@executable_path/Frameworks",
				);
				MARKETING_VERSION = 1.0;
				PRODUCT_BUNDLE_IDENTIFIER = com.missinghue.CarQuiz;
				PRODUCT_NAME = "$(TARGET_NAME)";
				STRING_CATALOG_GENERATE_SYMBOLS = YES;
				SWIFT_APPROACHABLE_CONCURRENCY = YES;
				SWIFT_DEFAULT_ACTOR_ISOLATION = MainActor;
				SWIFT_EMIT_LOC_STRINGS = YES;
				SWIFT_UPCOMING_FEATURE_MEMBER_IMPORT_VISIBILITY = YES;
				SWIFT_VERSION = 6.0;
				TARGETED_DEVICE_FAMILY = "1,2";
			};
			name = Debug;
		};
		5004B4BD2EF874820068C8D1 /* Release */ = {
			isa = XCBuildConfiguration;
			buildSettings = {
				ASSETCATALOG_COMPILER_APPICON_NAME = AppIcon;
				ASSETCATALOG_COMPILER_GLOBAL_ACCENT_COLOR_NAME = AccentColor;
				CODE_SIGN_STYLE = Automatic;
				CURRENT_PROJECT_VERSION = 1;
				DEVELOPMENT_TEAM = J47232U5B5;
				ENABLE_PREVIEWS = YES;
				GENERATE_INFOPLIST_FILE = YES;
				INFOPLIST_FILE = CarQuiz/Info.plist;
				INFOPLIST_KEY_NSMicrophoneUsageDescription = "We need microphone access to record your quiz answers hands-free.";
				INFOPLIST_KEY_UIApplicationSceneManifest_Generation = YES;
				INFOPLIST_KEY_UIApplicationSupportsIndirectInputEvents = YES;
				INFOPLIST_KEY_UILaunchScreen_Generation = YES;
				INFOPLIST_KEY_UISupportedInterfaceOrientations_iPad = "UIInterfaceOrientationPortrait UIInterfaceOrientationPortraitUpsideDown UIInterfaceOrientationLandscapeLeft UIInterfaceOrientationLandscapeRight";
				INFOPLIST_KEY_UISupportedInterfaceOrientations_iPhone = "UIInterfaceOrientationPortrait UIInterfaceOrientationLandscapeLeft UIInterfaceOrientationLandscapeRight";
				LD_RUNPATH_SEARCH_PATHS = (
					"$(inherited)",
					"@executable_path/Frameworks",
				);
				MARKETING_VERSION = 1.0;
				PRODUCT_BUNDLE_IDENTIFIER = com.missinghue.CarQuiz;
				PRODUCT_NAME = "$(TARGET_NAME)";
				STRING_CATALOG_GENERATE_SYMBOLS = YES;
				SWIFT_APPROACHABLE_CONCURRENCY = YES;
				SWIFT_DEFAULT_ACTOR_ISOLATION = MainActor;
				SWIFT_EMIT_LOC_STRINGS = YES;
				SWIFT_UPCOMING_FEATURE_MEMBER_IMPORT_VISIBILITY = YES;
				SWIFT_VERSION = 6.0;
				TARGETED_DEVICE_FAMILY = "1,2";
			};
			name = Release;
		};
		5004B4BF2EF874820068C8D1 /* Debug */ = {
			isa = XCBuildConfiguration;
			buildSettings = {
				BUNDLE_LOADER = "$(TEST_HOST)";
				CODE_SIGN_STYLE = Automatic;
				CURRENT_PROJECT_VERSION = 1;
				GENERATE_INFOPLIST_FILE = YES;
				IPHONEOS_DEPLOYMENT_TARGET = 18.0;
				MARKETING_VERSION = 1.0;
				PRODUCT_BUNDLE_IDENTIFIER = com.missinghue.CarQuizTests;
				PRODUCT_NAME = "$(TARGET_NAME)";
				STRING_CATALOG_GENERATE_SYMBOLS = NO;
				SWIFT_APPROACHABLE_CONCURRENCY = YES;
				SWIFT_EMIT_LOC_STRINGS = NO;
				SWIFT_UPCOMING_FEATURE_MEMBER_IMPORT_VISIBILITY = YES;
				SWIFT_VERSION = 5.0;
				TARGETED_DEVICE_FAMILY = "1,2";
				TEST_HOST = "$(BUILT_PRODUCTS_DIR)/CarQuiz.app/$(BUNDLE_EXECUTABLE_FOLDER_PATH)/CarQuiz";
			};
			name = Debug;
		};
		5004B4C02EF874820068C8D1 /* Release */ = {
			isa = XCBuildConfiguration;
			buildSettings = {
				BUNDLE_LOADER = "$(TEST_HOST)";
				CODE_SIGN_STYLE = Automatic;
				CURRENT_PROJECT_VERSION = 1;
				GENERATE_INFOPLIST_FILE = YES;
				IPHONEOS_DEPLOYMENT_TARGET = 18.0;
				MARKETING_VERSION = 1.0;
				PRODUCT_BUNDLE_IDENTIFIER = com.missinghue.CarQuizTests;
				PRODUCT_NAME = "$(TARGET_NAME)";
				STRING_CATALOG_GENERATE_SYMBOLS = NO;
				SWIFT_APPROACHABLE_CONCURRENCY = YES;
				SWIFT_EMIT_LOC_STRINGS = NO;
				SWIFT_UPCOMING_FEATURE_MEMBER_IMPORT_VISIBILITY = YES;
				SWIFT_VERSION = 5.0;
				TARGETED_DEVICE_FAMILY = "1,2";
				TEST_HOST = "$(BUILT_PRODUCTS_DIR)/CarQuiz.app/$(BUNDLE_EXECUTABLE_FOLDER_PATH)/CarQuiz";
			};
			name = Release;
		};
		5004B4C22EF874820068C8D1 /* Debug */ = {
			isa = XCBuildConfiguration;
			buildSettings = {
				CODE_SIGN_STYLE = Automatic;
				CURRENT_PROJECT_VERSION = 1;
				GENERATE_INFOPLIST_FILE = YES;
				MARKETING_VERSION = 1.0;
				PRODUCT_BUNDLE_IDENTIFIER = com.missinghue.CarQuizUITests;
				PRODUCT_NAME = "$(TARGET_NAME)";
				STRING_CATALOG_GENERATE_SYMBOLS = NO;
				SWIFT_APPROACHABLE_CONCURRENCY = YES;
				SWIFT_EMIT_LOC_STRINGS = NO;
				SWIFT_UPCOMING_FEATURE_MEMBER_IMPORT_VISIBILITY = YES;
				SWIFT_VERSION = 5.0;
				TARGETED_DEVICE_FAMILY = "1,2";
				TEST_TARGET_NAME = CarQuiz;
			};
			name = Debug;
		};
		5004B4C32EF874820068C8D1 /* Release */ = {
			isa = XCBuildConfiguration;
			buildSettings = {
				CODE_SIGN_STYLE = Automatic;
				CURRENT_PROJECT_VERSION = 1;
				GENERATE_INFOPLIST_FILE = YES;
				MARKETING_VERSION = 1.0;
				PRODUCT_BUNDLE_IDENTIFIER = com.missinghue.CarQuizUITests;
				PRODUCT_NAME = "$(TARGET_NAME)";
				STRING_CATALOG_GENERATE_SYMBOLS = NO;
				SWIFT_APPROACHABLE_CONCURRENCY = YES;
				SWIFT_EMIT_LOC_STRINGS = NO;
				SWIFT_UPCOMING_FEATURE_MEMBER_IMPORT_VISIBILITY = YES;
				SWIFT_VERSION = 5.0;
				TARGETED_DEVICE_FAMILY = "1,2";
				TEST_TARGET_NAME = CarQuiz;
			};
			name = Release;
		};
		5090EC5D2EFB1A4F004DB170 /* Debug-Local */ = {
			isa = XCBuildConfiguration;
			baseConfigurationReference = D86E1E0498FBCF4EF3A9CF7D /* Local.xcconfig */;
			buildSettings = {
				DEVELOPMENT_TEAM = J47232U5B5;
				"PRODUCT_BUNDLE_IDENTIFIER[sdk=iphoneos*]" = com.missinghue.CarQuiz;
				PRODUCT_NAME = CarQuiz;
			};
			name = "Debug-Local";
		};
		5090EC5E2EFB1A4F004DB170 /* Release-Local */ = {
			isa = XCBuildConfiguration;
			baseConfigurationReference = 0BD6C2A6F312AB2D0ADA0524 /* Local.xcconfig */;
			buildSettings = {
				DEVELOPMENT_TEAM = J47232U5B5;
				"PRODUCT_BUNDLE_IDENTIFIER[sdk=iphoneos*]" = com.missinghue.CarQuiz;
				PRODUCT_NAME = CarQuiz;
			};
			name = "Release-Local";
		};
		5090EC5F2EFB1A4F004DB170 /* Debug-Prod */ = {
			isa = XCBuildConfiguration;
			baseConfigurationReference = FE93404C564E3AFF11112BA6 /* Prod.xcconfig */;
			buildSettings = {
				DEVELOPMENT_TEAM = J47232U5B5;
				"PRODUCT_BUNDLE_IDENTIFIER[sdk=iphoneos*]" = com.missinghue.CarQuiz;
				PRODUCT_NAME = CarQuiz;
			};
			name = "Debug-Prod";
		};
		5090EC602EFB1A4F004DB170 /* Release-Prod */ = {
			isa = XCBuildConfiguration;
			baseConfigurationReference = FE93404C564E3AFF11112BA6 /* Prod.xcconfig */;
			buildSettings = {
				DEVELOPMENT_TEAM = J47232U5B5;
				"PRODUCT_BUNDLE_IDENTIFIER[sdk=iphoneos*]" = com.missinghue.CarQuiz;
				PRODUCT_NAME = CarQuiz;
			};
			name = "Release-Prod";
		};
		5090EC612EFB1A4F004DB170 /* Debug-Local */ = {
			isa = XCBuildConfiguration;
			buildSettings = {
				PRODUCT_NAME = CarQuizTests;
			};
			name = "Debug-Local";
		};
		5090EC622EFB1A4F004DB170 /* Release-Local */ = {
			isa = XCBuildConfiguration;
			buildSettings = {
				PRODUCT_NAME = CarQuizTests;
			};
			name = "Release-Local";
		};
		5090EC632EFB1A4F004DB170 /* Debug-Prod */ = {
			isa = XCBuildConfiguration;
			buildSettings = {
				PRODUCT_NAME = CarQuizTests;
			};
			name = "Debug-Prod";
		};
		5090EC642EFB1A4F004DB170 /* Release-Prod */ = {
			isa = XCBuildConfiguration;
			buildSettings = {
				PRODUCT_NAME = CarQuizTests;
			};
			name = "Release-Prod";
		};
		5090EC652EFB1A4F004DB170 /* Debug-Local */ = {
			isa = XCBuildConfiguration;
			buildSettings = {
				PRODUCT_NAME = CarQuizUITests;
			};
			name = "Debug-Local";
		};
		5090EC662EFB1A4F004DB170 /* Release-Local */ = {
			isa = XCBuildConfiguration;
			buildSettings = {
				PRODUCT_NAME = CarQuizUITests;
			};
			name = "Release-Local";
		};
		5090EC672EFB1A4F004DB170 /* Debug-Prod */ = {
			isa = XCBuildConfiguration;
			buildSettings = {
				PRODUCT_NAME = CarQuizUITests;
			};
			name = "Debug-Prod";
		};
		5090EC682EFB1A4F004DB170 /* Release-Prod */ = {
			isa = XCBuildConfiguration;
			buildSettings = {
				PRODUCT_NAME = CarQuizUITests;
			};
			name = "Release-Prod";
		};
		7EE95A75788CA2F05E56FE7E /* Debug-Local */ = {
			isa = XCBuildConfiguration;
			baseConfigurationReference = D86E1E0498FBCF4EF3A9CF7D /* Local.xcconfig */;
			buildSettings = {
				ALWAYS_SEARCH_USER_PATHS = NO;
				ASSETCATALOG_COMPILER_GENERATE_SWIFT_ASSET_SYMBOL_EXTENSIONS = YES;
				CLANG_ANALYZER_NONNULL = YES;
				CLANG_ANALYZER_NUMBER_OBJECT_CONVERSION = YES_AGGRESSIVE;
				CLANG_CXX_LANGUAGE_STANDARD = "gnu++20";
				CLANG_ENABLE_MODULES = YES;
				CLANG_ENABLE_OBJC_ARC = YES;
				CLANG_ENABLE_OBJC_WEAK = YES;
				CLANG_WARN_BLOCK_CAPTURE_AUTORELEASING = YES;
				CLANG_WARN_BOOL_CONVERSION = YES;
				CLANG_WARN_COMMA = YES;
				CLANG_WARN_CONSTANT_CONVERSION = YES;
				CLANG_WARN_DEPRECATED_OBJC_IMPLEMENTATIONS = YES;
				CLANG_WARN_DIRECT_OBJC_ISA_USAGE = YES_ERROR;
				CLANG_WARN_DOCUMENTATION_COMMENTS = YES;
				CLANG_WARN_EMPTY_BODY = YES;
				CLANG_WARN_ENUM_CONVERSION = YES;
				CLANG_WARN_INFINITE_RECURSION = YES;
				CLANG_WARN_INT_CONVERSION = YES;
				CLANG_WARN_NON_LITERAL_NULL_CONVERSION = YES;
				CLANG_WARN_OBJC_IMPLICIT_RETAIN_SELF = YES;
				CLANG_WARN_OBJC_LITERAL_CONVERSION = YES;
				CLANG_WARN_OBJC_ROOT_CLASS = YES_ERROR;
				CLANG_WARN_QUOTED_INCLUDE_IN_FRAMEWORK_HEADER = YES;
				CLANG_WARN_RANGE_LOOP_ANALYSIS = YES;
				CLANG_WARN_STRICT_PROTOTYPES = YES;
				CLANG_WARN_SUSPICIOUS_MOVE = YES;
				CLANG_WARN_UNGUARDED_AVAILABILITY = YES_AGGRESSIVE;
				CLANG_WARN_UNREACHABLE_CODE = YES;
				CLANG_WARN__DUPLICATE_METHOD_MATCH = YES;
				COPY_PHASE_STRIP = NO;
				DEBUG_INFORMATION_FORMAT = dwarf;
				ENABLE_STRICT_OBJC_MSGSEND = YES;
				ENABLE_TESTABILITY = YES;
				ENABLE_USER_SCRIPT_SANDBOXING = YES;
				GCC_C_LANGUAGE_STANDARD = gnu17;
				GCC_DYNAMIC_NO_PIC = NO;
				GCC_NO_COMMON_BLOCKS = YES;
				GCC_OPTIMIZATION_LEVEL = 0;
				GCC_PREPROCESSOR_DEFINITIONS = (
					"DEBUG=1",
					"$(inherited)",
				);
				GCC_WARN_64_TO_32_BIT_CONVERSION = YES;
				GCC_WARN_ABOUT_RETURN_TYPE = YES_ERROR;
				GCC_WARN_UNDECLARED_SELECTOR = YES;
				GCC_WARN_UNINITIALIZED_AUTOS = YES_AGGRESSIVE;
				GCC_WARN_UNUSED_FUNCTION = YES;
				GCC_WARN_UNUSED_VARIABLE = YES;
				IPHONEOS_DEPLOYMENT_TARGET = 18.0;
				LOCALIZATION_PREFERS_STRING_CATALOGS = YES;
				MTL_ENABLE_DEBUG_INFO = INCLUDE_SOURCE;
				MTL_FAST_MATH = YES;
				ONLY_ACTIVE_ARCH = YES;
				SDKROOT = iphoneos;
				SWIFT_ACTIVE_COMPILATION_CONDITIONS = "DEBUG $(inherited)";
				SWIFT_OPTIMIZATION_LEVEL = "-Onone";
			};
			name = "Debug-Local";
		};
		8EA7A76EC49845FDF05B949A /* Release-Local */ = {
			isa = XCBuildConfiguration;
			baseConfigurationReference = 0BD6C2A6F312AB2D0ADA0524 /* Local.xcconfig */;
			buildSettings = {
				ALWAYS_SEARCH_USER_PATHS = NO;
				ASSETCATALOG_COMPILER_GENERATE_SWIFT_ASSET_SYMBOL_EXTENSIONS = YES;
				CLANG_ANALYZER_NONNULL = YES;
				CLANG_ANALYZER_NUMBER_OBJECT_CONVERSION = YES_AGGRESSIVE;
				CLANG_CXX_LANGUAGE_STANDARD = "gnu++20";
				CLANG_ENABLE_MODULES = YES;
				CLANG_ENABLE_OBJC_ARC = YES;
				CLANG_ENABLE_OBJC_WEAK = YES;
				CLANG_WARN_BLOCK_CAPTURE_AUTORELEASING = YES;
				CLANG_WARN_BOOL_CONVERSION = YES;
				CLANG_WARN_COMMA = YES;
				CLANG_WARN_CONSTANT_CONVERSION = YES;
				CLANG_WARN_DEPRECATED_OBJC_IMPLEMENTATIONS = YES;
				CLANG_WARN_DIRECT_OBJC_ISA_USAGE = YES_ERROR;
				CLANG_WARN_DOCUMENTATION_COMMENTS = YES;
				CLANG_WARN_EMPTY_BODY = YES;
				CLANG_WARN_ENUM_CONVERSION = YES;
				CLANG_WARN_INFINITE_RECURSION = YES;
				CLANG_WARN_INT_CONVERSION = YES;
				CLANG_WARN_NON_LITERAL_NULL_CONVERSION = YES;
				CLANG_WARN_OBJC_IMPLICIT_RETAIN_SELF = YES;
				CLANG_WARN_OBJC_LITERAL_CONVERSION = YES;
				CLANG_WARN_OBJC_ROOT_CLASS = YES_ERROR;
				CLANG_WARN_QUOTED_INCLUDE_IN_FRAMEWORK_HEADER = YES;
				CLANG_WARN_RANGE_LOOP_ANALYSIS = YES;
				CLANG_WARN_STRICT_PROTOTYPES = YES;
				CLANG_WARN_SUSPICIOUS_MOVE = YES;
				CLANG_WARN_UNGUARDED_AVAILABILITY = YES_AGGRESSIVE;
				CLANG_WARN_UNREACHABLE_CODE = YES;
				CLANG_WARN__DUPLICATE_METHOD_MATCH = YES;
				COPY_PHASE_STRIP = NO;
				DEBUG_INFORMATION_FORMAT = "dwarf-with-dsym";
				ENABLE_NS_ASSERTIONS = NO;
				ENABLE_STRICT_OBJC_MSGSEND = YES;
				ENABLE_USER_SCRIPT_SANDBOXING = YES;
				GCC_C_LANGUAGE_STANDARD = gnu17;
				GCC_NO_COMMON_BLOCKS = YES;
				GCC_WARN_64_TO_32_BIT_CONVERSION = YES;
				GCC_WARN_ABOUT_RETURN_TYPE = YES_ERROR;
				GCC_WARN_UNDECLARED_SELECTOR = YES;
				GCC_WARN_UNINITIALIZED_AUTOS = YES_AGGRESSIVE;
				GCC_WARN_UNUSED_FUNCTION = YES;
				GCC_WARN_UNUSED_VARIABLE = YES;
				IPHONEOS_DEPLOYMENT_TARGET = 18.0;
				LOCALIZATION_PREFERS_STRING_CATALOGS = YES;
				MTL_ENABLE_DEBUG_INFO = NO;
				MTL_FAST_MATH = YES;
				SDKROOT = iphoneos;
				SWIFT_COMPILATION_MODE = wholemodule;
				VALIDATE_PRODUCT = YES;
			};
			name = "Release-Local";
		};
		BB84328D4A4EFA295816EC63 /* Release-Prod */ = {
			isa = XCBuildConfiguration;
			baseConfigurationReference = FE93404C564E3AFF11112BA6 /* Prod.xcconfig */;
			buildSettings = {
				ALWAYS_SEARCH_USER_PATHS = NO;
				ASSETCATALOG_COMPILER_GENERATE_SWIFT_ASSET_SYMBOL_EXTENSIONS = YES;
				CLANG_ANALYZER_NONNULL = YES;
				CLANG_ANALYZER_NUMBER_OBJECT_CONVERSION = YES_AGGRESSIVE;
				CLANG_CXX_LANGUAGE_STANDARD = "gnu++20";
				CLANG_ENABLE_MODULES = YES;
				CLANG_ENABLE_OBJC_ARC = YES;
				CLANG_ENABLE_OBJC_WEAK = YES;
				CLANG_WARN_BLOCK_CAPTURE_AUTORELEASING = YES;
				CLANG_WARN_BOOL_CONVERSION = YES;
				CLANG_WARN_COMMA = YES;
				CLANG_WARN_CONSTANT_CONVERSION = YES;
				CLANG_WARN_DEPRECATED_OBJC_IMPLEMENTATIONS = YES;
				CLANG_WARN_DIRECT_OBJC_ISA_USAGE = YES_ERROR;
				CLANG_WARN_DOCUMENTATION_COMMENTS = YES;
				CLANG_WARN_EMPTY_BODY = YES;
				CLANG_WARN_ENUM_CONVERSION = YES;
				CLANG_WARN_INFINITE_RECURSION = YES;
				CLANG_WARN_INT_CONVERSION = YES;
				CLANG_WARN_NON_LITERAL_NULL_CONVERSION = YES;
				CLANG_WARN_OBJC_IMPLICIT_RETAIN_SELF = YES;
				CLANG_WARN_OBJC_LITERAL_CONVERSION = YES;
				CLANG_WARN_OBJC_ROOT_CLASS = YES_ERROR;
				CLANG_WARN_QUOTED_INCLUDE_IN_FRAMEWORK_HEADER = YES;
				CLANG_WARN_RANGE_LOOP_ANALYSIS = YES;
				CLANG_WARN_STRICT_PROTOTYPES = YES;
				CLANG_WARN_SUSPICIOUS_MOVE = YES;
				CLANG_WARN_UNGUARDED_AVAILABILITY = YES_AGGRESSIVE;
				CLANG_WARN_UNREACHABLE_CODE = YES;
				CLANG_WARN__DUPLICATE_METHOD_MATCH = YES;
				COPY_PHASE_STRIP = NO;
				DEBUG_INFORMATION_FORMAT = "dwarf-with-dsym";
				ENABLE_NS_ASSERTIONS = NO;
				ENABLE_STRICT_OBJC_MSGSEND = YES;
				ENABLE_USER_SCRIPT_SANDBOXING = YES;
				GCC_C_LANGUAGE_STANDARD = gnu17;
				GCC_NO_COMMON_BLOCKS = YES;
				GCC_WARN_64_TO_32_BIT_CONVERSION = YES;
				GCC_WARN_ABOUT_RETURN_TYPE = YES_ERROR;
				GCC_WARN_UNDECLARED_SELECTOR = YES;
				GCC_WARN_UNINITIALIZED_AUTOS = YES_AGGRESSIVE;
				GCC_WARN_UNUSED_FUNCTION = YES;
				GCC_WARN_UNUSED_VARIABLE = YES;
				IPHONEOS_DEPLOYMENT_TARGET = 18.0;
				LOCALIZATION_PREFERS_STRING_CATALOGS = YES;
				MTL_ENABLE_DEBUG_INFO = NO;
				MTL_FAST_MATH = YES;
				SDKROOT = iphoneos;
				SWIFT_COMPILATION_MODE = wholemodule;
				VALIDATE_PRODUCT = YES;
			};
			name = "Release-Prod";
		};
		BC7A57B5976906E0851FA298 /* Debug-Prod */ = {
			isa = XCBuildConfiguration;
			baseConfigurationReference = 62FB9AFFE2F29A05D528EFF0 /* Prod.xcconfig */;
			buildSettings = {
				ALWAYS_SEARCH_USER_PATHS = NO;
				ASSETCATALOG_COMPILER_GENERATE_SWIFT_ASSET_SYMBOL_EXTENSIONS = YES;
				CLANG_ANALYZER_NONNULL = YES;
				CLANG_ANALYZER_NUMBER_OBJECT_CONVERSION = YES_AGGRESSIVE;
				CLANG_CXX_LANGUAGE_STANDARD = "gnu++20";
				CLANG_ENABLE_MODULES = YES;
				CLANG_ENABLE_OBJC_ARC = YES;
				CLANG_ENABLE_OBJC_WEAK = YES;
				CLANG_WARN_BLOCK_CAPTURE_AUTORELEASING = YES;
				CLANG_WARN_BOOL_CONVERSION = YES;
				CLANG_WARN_COMMA = YES;
				CLANG_WARN_CONSTANT_CONVERSION = YES;
				CLANG_WARN_DEPRECATED_OBJC_IMPLEMENTATIONS = YES;
				CLANG_WARN_DIRECT_OBJC_ISA_USAGE = YES_ERROR;
				CLANG_WARN_DOCUMENTATION_COMMENTS = YES;
				CLANG_WARN_EMPTY_BODY = YES;
				CLANG_WARN_ENUM_CONVERSION = YES;
				CLANG_WARN_INFINITE_RECURSION = YES;
				CLANG_WARN_INT_CONVERSION = YES;
				CLANG_WARN_NON_LITERAL_NULL_CONVERSION = YES;
				CLANG_WARN_OBJC_IMPLICIT_RETAIN_SELF = YES;
				CLANG_WARN_OBJC_LITERAL_CONVERSION = YES;
				CLANG_WARN_OBJC_ROOT_CLASS = YES_ERROR;
				CLANG_WARN_QUOTED_INCLUDE_IN_FRAMEWORK_HEADER = YES;
				CLANG_WARN_RANGE_LOOP_ANALYSIS = YES;
				CLANG_WARN_STRICT_PROTOTYPES = YES;
				CLANG_WARN_SUSPICIOUS_MOVE = YES;
				CLANG_WARN_UNGUARDED_AVAILABILITY = YES_AGGRESSIVE;
				CLANG_WARN_UNREACHABLE_CODE = YES;
				CLANG_WARN__DUPLICATE_METHOD_MATCH = YES;
				COPY_PHASE_STRIP = NO;
				DEBUG_INFORMATION_FORMAT = dwarf;
				ENABLE_STRICT_OBJC_MSGSEND = YES;
				ENABLE_TESTABILITY = YES;
				ENABLE_USER_SCRIPT_SANDBOXING = YES;
				GCC_C_LANGUAGE_STANDARD = gnu17;
				GCC_DYNAMIC_NO_PIC = NO;
				GCC_NO_COMMON_BLOCKS = YES;
				GCC_OPTIMIZATION_LEVEL = 0;
				GCC_PREPROCESSOR_DEFINITIONS = (
					"DEBUG=1",
					"$(inherited)",
				);
				GCC_WARN_64_TO_32_BIT_CONVERSION = YES;
				GCC_WARN_ABOUT_RETURN_TYPE = YES_ERROR;
				GCC_WARN_UNDECLARED_SELECTOR = YES;
				GCC_WARN_UNINITIALIZED_AUTOS = YES_AGGRESSIVE;
				GCC_WARN_UNUSED_FUNCTION = YES;
				GCC_WARN_UNUSED_VARIABLE = YES;
				IPHONEOS_DEPLOYMENT_TARGET = 18.0;
				LOCALIZATION_PREFERS_STRING_CATALOGS = YES;
				MTL_ENABLE_DEBUG_INFO = INCLUDE_SOURCE;
				MTL_FAST_MATH = YES;
				ONLY_ACTIVE_ARCH = YES;
				SDKROOT = iphoneos;
				SWIFT_ACTIVE_COMPILATION_CONDITIONS = "DEBUG $(inherited)";
				SWIFT_OPTIMIZATION_LEVEL = "-Onone";
			};
			name = "Debug-Prod";
		};
/* End XCBuildConfiguration section */

/* Begin XCConfigurationList section */
		5004B4952EF874800068C8D1 /* Build configuration list for PBXProject "CarQuiz" */ = {
			isa = XCConfigurationList;
			buildConfigurations = (
				5004B4B92EF874820068C8D1 /* Debug */,
				5004B4BA2EF874820068C8D1 /* Release */,
				7EE95A75788CA2F05E56FE7E /* Debug-Local */,
				8EA7A76EC49845FDF05B949A /* Release-Local */,
				BC7A57B5976906E0851FA298 /* Debug-Prod */,
				BB84328D4A4EFA295816EC63 /* Release-Prod */,
			);
			defaultConfigurationIsVisible = 0;
			defaultConfigurationName = Release;
		};
		5004B4BB2EF874820068C8D1 /* Build configuration list for PBXNativeTarget "CarQuiz" */ = {
			isa = XCConfigurationList;
			buildConfigurations = (
				5004B4BC2EF874820068C8D1 /* Debug */,
				5004B4BD2EF874820068C8D1 /* Release */,
				5090EC5D2EFB1A4F004DB170 /* Debug-Local */,
				5090EC5E2EFB1A4F004DB170 /* Release-Local */,
				5090EC5F2EFB1A4F004DB170 /* Debug-Prod */,
				5090EC602EFB1A4F004DB170 /* Release-Prod */,
			);
			defaultConfigurationIsVisible = 0;
			defaultConfigurationName = Release;
		};
		5004B4BE2EF874820068C8D1 /* Build configuration list for PBXNativeTarget "CarQuizTests" */ = {
			isa = XCConfigurationList;
			buildConfigurations = (
				5004B4BF2EF874820068C8D1 /* Debug */,
				5004B4C02EF874820068C8D1 /* Release */,
				5090EC612EFB1A4F004DB170 /* Debug-Local */,
				5090EC622EFB1A4F004DB170 /* Release-Local */,
				5090EC632EFB1A4F004DB170 /* Debug-Prod */,
				5090EC642EFB1A4F004DB170 /* Release-Prod */,
			);
			defaultConfigurationIsVisible = 0;
			defaultConfigurationName = Release;
		};
		5004B4C12EF874820068C8D1 /* Build configuration list for PBXNativeTarget "CarQuizUITests" */ = {
			isa = XCConfigurationList;
			buildConfigurations = (
				5004B4C22EF874820068C8D1 /* Debug */,
				5004B4C32EF874820068C8D1 /* Release */,
				5090EC652EFB1A4F004DB170 /* Debug-Local */,
				5090EC662EFB1A4F004DB170 /* Release-Local */,
				5090EC672EFB1A4F004DB170 /* Debug-Prod */,
				5090EC682EFB1A4F004DB170 /* Release-Prod */,
			);
			defaultConfigurationIsVisible = 0;
			defaultConfigurationName = Release;
		};
/* End XCConfigurationList section */
	};
	rootObject = 5004B4922EF874800068C8D1 /* Project object */;
}
